
Microsoft Visual Studio Solution File, Format Version 12.00
# Visual Studio Version 17
VisualStudioVersion = 17.11.35327.3
MinimumVisualStudioVersion = 10.0.40219.1
Project("{FAE04EC0-301F-11D3-BF4B-00C04F79EFBC}") = "APPLICATION", "APPLICATION\APPLICATION.csproj", "{EC64ED7D-E961-46C2-882C-AEA7B4BD3238}"
EndProject
Global
	GlobalSection(SolutionConfigurationPlatforms) = preSolution
		Debug|Any CPU = Debug|Any CPU
		Release|Any CPU = Release|Any CPU
	EndGlobalSection
	GlobalSection(ProjectConfigurationPlatforms) = postSolution
		{EC64ED7D-E961-46C2-882C-AEA7B4BD3238}.Debug|Any CPU.ActiveCfg = Debug|Any CPU
		{EC64ED7D-E961-46C2-882C-AEA7B4BD3238}.Debug|Any CPU.Build.0 = Debug|Any CPU
		{EC64ED7D-E961-46C2-882C-AEA7B4BD3238}.Release|Any CPU.ActiveCfg = Release|Any CPU
		{EC64ED7D-E961-46C2-882C-AEA7B4BD3238}.Release|Any CPU.Build.0 = Release|Any CPU
	EndGlobalSection
	GlobalSection(SolutionProperties) = preSolution
		HideSolutionNode = FALSE
	EndGlobalSection
	GlobalSection(ExtensibilityGlobals) = postSolution
		SolutionGuid = {EB861F39-CDE5-4BD2-9DB3-F7A84042913B}
	EndGlobalSection
EndGlobal
